
Microsoft Visual Studio Solution File, Format Version 12.00
# Visual Studio Version 17
VisualStudioVersion = 17.2.32526.322
MinimumVisualStudioVersion = 10.0.40219.1
Project("{FAE04EC0-301F-11D3-BF4B-00C04F79EFBC}") = "Disconnected Environment", "Disconnected Environment\Disconnected Environment.csproj", "{8DF0F53A-C498-4493-839F-1BED9496355B}"
EndProject
Project("{2150E333-8FDC-42A3-9474-1A3956D46DE8}") = "Solution Items", "Solution Items", "{2BAA9E82-930D-45DE-B2DB-7DFA2BD4C697}"
	ProjectSection(SolutionItems) = preProject
		.editorconfig = .editorconfig
	EndProjectSection
EndProject
Global
	GlobalSection(SolutionConfigurationPlatforms) = preSolution
		Debug|Any CPU = Debug|Any CPU
		Release|Any CPU = Release|Any CPU
	EndGlobalSection
	GlobalSection(ProjectConfigurationPlatforms) = postSolution
		{8DF0F53A-C498-4493-839F-1BED9496355B}.Debug|Any CPU.ActiveCfg = Debug|Any CPU
		{8DF0F53A-C498-4493-839F-1BED9496355B}.Debug|Any CPU.Build.0 = Debug|Any CPU
		{8DF0F53A-C498-4493-839F-1BED9496355B}.Release|Any CPU.ActiveCfg = Release|Any CPU
		{8DF0F53A-C498-4493-839F-1BED9496355B}.Release|Any CPU.Build.0 = Release|Any CPU
	EndGlobalSection
	GlobalSection(SolutionProperties) = preSolution
		HideSolutionNode = FALSE
	EndGlobalSection
	GlobalSection(ExtensibilityGlobals) = postSolution
		SolutionGuid = {52667794-F611-45E4-9B5E-264B837401A3}
	EndGlobalSection
EndGlobal
